
Microsoft Visual Studio Solution File, Format Version 12.00
# Visual Studio Version 17
VisualStudioVersion = 17.2.32616.157
MinimumVisualStudioVersion = 10.0.40219.1
Project("{FAE04EC0-301F-11D3-BF4B-00C04F79EFBC}") = "AgentGL", "AgentGL.csproj", "{F4DEFAA8-0A1A-48C0-9321-1FF515291092}"
EndProject
Global
	GlobalSection(SolutionConfigurationPlatforms) = preSolution
		Debug|Any CPU = Debug|Any CPU
		Release|Any CPU = Release|Any CPU
	EndGlobalSection
	GlobalSection(ProjectConfigurationPlatforms) = postSolution
		{F4DEFAA8-0A1A-48C0-9321-1FF515291092}.Debug|Any CPU.ActiveCfg = Debug|Any CPU
		{F4DEFAA8-0A1A-48C0-9321-1FF515291092}.Debug|Any CPU.Build.0 = Debug|Any CPU
		{F4DEFAA8-0A1A-48C0-9321-1FF515291092}.Release|Any CPU.ActiveCfg = Release|Any CPU
		{F4DEFAA8-0A1A-48C0-9321-1FF515291092}.Release|Any CPU.Build.0 = Release|Any CPU
	EndGlobalSection
	GlobalSection(SolutionProperties) = preSolution
		HideSolutionNode = FALSE
	EndGlobalSection
	GlobalSection(ExtensibilityGlobals) = postSolution
		SolutionGuid = {8FF2520D-EFCE-4E04-8821-A743A850D4A9}
	EndGlobalSection
EndGlobal
